
Microsoft Visual Studio Solution File, Format Version 11.00
# Visual Studio 2010
Project("{8BC9CEB8-8B4A-11D0-8D11-00A0C91BC942}") = "inject", "inject\inject.vcxproj", "{972C9799-E4E5-4765-B0AB-F33EF4FDA230}"
EndProject
Project("{FAE04EC0-301F-11D3-BF4B-00C04F79EFBC}") = "WinHookApp", "WinHookApp\WinHookApp.csproj", "{2DB29330-3A81-47E0-85A4-DDB7403CFBFC}"
EndProject
Project("{FAE04EC0-301F-11D3-BF4B-00C04F79EFBC}") = "SlimHook3D", "SlimHook3D\SlimHook3D.csproj", "{C35BFCBA-4CFD-4904-90B4-13D1E3BEBC5E}"
EndProject
Global
	GlobalSection(SolutionConfigurationPlatforms) = preSolution
		Debug|Any CPU = Debug|Any CPU
		Debug|Mixed Platforms = Debug|Mixed Platforms
		Debug|Win32 = Debug|Win32
		Debug|x86 = Debug|x86
		Release|Any CPU = Release|Any CPU
		Release|Mixed Platforms = Release|Mixed Platforms
		Release|Win32 = Release|Win32
		Release|x86 = Release|x86
	EndGlobalSection
	GlobalSection(ProjectConfigurationPlatforms) = postSolution
		{972C9799-E4E5-4765-B0AB-F33EF4FDA230}.Debug|Any CPU.ActiveCfg = Debug|Win32
		{972C9799-E4E5-4765-B0AB-F33EF4FDA230}.Debug|Mixed Platforms.ActiveCfg = Debug|Win32
		{972C9799-E4E5-4765-B0AB-F33EF4FDA230}.Debug|Mixed Platforms.Build.0 = Debug|Win32
		{972C9799-E4E5-4765-B0AB-F33EF4FDA230}.Debug|Win32.ActiveCfg = Debug|Win32
		{972C9799-E4E5-4765-B0AB-F33EF4FDA230}.Debug|Win32.Build.0 = Debug|Win32
		{972C9799-E4E5-4765-B0AB-F33EF4FDA230}.Debug|x86.ActiveCfg = Debug|Win32
		{972C9799-E4E5-4765-B0AB-F33EF4FDA230}.Release|Any CPU.ActiveCfg = Release|Win32
		{972C9799-E4E5-4765-B0AB-F33EF4FDA230}.Release|Mixed Platforms.ActiveCfg = Release|Win32
		{972C9799-E4E5-4765-B0AB-F33EF4FDA230}.Release|Mixed Platforms.Build.0 = Release|Win32
		{972C9799-E4E5-4765-B0AB-F33EF4FDA230}.Release|Win32.ActiveCfg = Release|Win32
		{972C9799-E4E5-4765-B0AB-F33EF4FDA230}.Release|Win32.Build.0 = Release|Win32
		{972C9799-E4E5-4765-B0AB-F33EF4FDA230}.Release|x86.ActiveCfg = Release|Win32
		{2DB29330-3A81-47E0-85A4-DDB7403CFBFC}.Debug|Any CPU.ActiveCfg = Debug|x86
		{2DB29330-3A81-47E0-85A4-DDB7403CFBFC}.Debug|Mixed Platforms.ActiveCfg = Debug|x86
		{2DB29330-3A81-47E0-85A4-DDB7403CFBFC}.Debug|Mixed Platforms.Build.0 = Debug|x86
		{2DB29330-3A81-47E0-85A4-DDB7403CFBFC}.Debug|Win32.ActiveCfg = Debug|x86
		{2DB29330-3A81-47E0-85A4-DDB7403CFBFC}.Debug|x86.ActiveCfg = Debug|x86
		{2DB29330-3A81-47E0-85A4-DDB7403CFBFC}.Debug|x86.Build.0 = Debug|x86
		{2DB29330-3A81-47E0-85A4-DDB7403CFBFC}.Release|Any CPU.ActiveCfg = Release|x86
		{2DB29330-3A81-47E0-85A4-DDB7403CFBFC}.Release|Mixed Platforms.ActiveCfg = Release|x86
		{2DB29330-3A81-47E0-85A4-DDB7403CFBFC}.Release|Mixed Platforms.Build.0 = Release|x86
		{2DB29330-3A81-47E0-85A4-DDB7403CFBFC}.Release|Win32.ActiveCfg = Release|x86
		{2DB29330-3A81-47E0-85A4-DDB7403CFBFC}.Release|x86.ActiveCfg = Release|x86
		{2DB29330-3A81-47E0-85A4-DDB7403CFBFC}.Release|x86.Build.0 = Release|x86
		{C35BFCBA-4CFD-4904-90B4-13D1E3BEBC5E}.Debug|Any CPU.ActiveCfg = Debug|Any CPU
		{C35BFCBA-4CFD-4904-90B4-13D1E3BEBC5E}.Debug|Any CPU.Build.0 = Debug|Any CPU
		{C35BFCBA-4CFD-4904-90B4-13D1E3BEBC5E}.Debug|Mixed Platforms.ActiveCfg = Debug|Any CPU
		{C35BFCBA-4CFD-4904-90B4-13D1E3BEBC5E}.Debug|Mixed Platforms.Build.0 = Debug|Any CPU
		{C35BFCBA-4CFD-4904-90B4-13D1E3BEBC5E}.Debug|Win32.ActiveCfg = Debug|Any CPU
		{C35BFCBA-4CFD-4904-90B4-13D1E3BEBC5E}.Debug|x86.ActiveCfg = Debug|Any CPU
		{C35BFCBA-4CFD-4904-90B4-13D1E3BEBC5E}.Release|Any CPU.ActiveCfg = Release|Any CPU
		{C35BFCBA-4CFD-4904-90B4-13D1E3BEBC5E}.Release|Any CPU.Build.0 = Release|Any CPU
		{C35BFCBA-4CFD-4904-90B4-13D1E3BEBC5E}.Release|Mixed Platforms.ActiveCfg = Release|Any CPU
		{C35BFCBA-4CFD-4904-90B4-13D1E3BEBC5E}.Release|Mixed Platforms.Build.0 = Release|Any CPU
		{C35BFCBA-4CFD-4904-90B4-13D1E3BEBC5E}.Release|Win32.ActiveCfg = Release|Any CPU
		{C35BFCBA-4CFD-4904-90B4-13D1E3BEBC5E}.Release|x86.ActiveCfg = Release|Any CPU
	EndGlobalSection
	GlobalSection(SolutionProperties) = preSolution
		HideSolutionNode = FALSE
	EndGlobalSection
EndGlobal
