<?xml version="1.0" encoding="utf-8"?>
<Project ToolsVersion="4.0" xmlns="http://schemas.microsoft.com/developer/msbuild/2003">
  <ItemGroup>
    <Filter Include="Source Files">
      <UniqueIdentifier>{4FC737F1-C7A5-4376-A066-2A32D752A2FF}</UniqueIdentifier>
      <Extensions>cpp;c;cc;cxx;def;odl;idl;hpj;bat;asm;asmx</Extensions>
    </Filter>
    <Filter Include="Header Files">
      <UniqueIdentifier>{93995380-89BD-4b04-88EB-625FBE52EBFB}</UniqueIdentifier>
      <Extensions>h;hpp;hxx;hm;inl;inc;xsd</Extensions>
    </Filter>
    <Filter Include="Header Files\NCodeHook">
      <UniqueIdentifier>{509ad9e5-8d2e-466f-b547-a8f1c76159a1}</UniqueIdentifier>
    </Filter>
    <Filter Include="Source Files\NCodeHook">
      <UniqueIdentifier>{4c5fe40d-4b50-40b9-a0e6-14a2354480f9}</UniqueIdentifier>
    </Filter>
  </ItemGroup>
  <ItemGroup>
    <ClCompile Include="dllmain.cpp">
      <Filter>Source Files</Filter>
    </ClCompile>
    <ClCompile Include="stdafx.cpp">
      <Filter>Source Files</Filter>
    </ClCompile>
    <ClCompile Include="HostedDotNetRuntime.cpp">
      <Filter>Source Files</Filter>
    </ClCompile>
    <ClCompile Include="NCodeHook.cpp">
      <Filter>Source Files\NCodeHook</Filter>
    </ClCompile>
    <ClCompile Include="NCodeHookItem.cpp">
      <Filter>Source Files\NCodeHook</Filter>
    </ClCompile>
  </ItemGroup>
  <ItemGroup>
    <ClInclude Include="stdafx.h">
      <Filter>Header Files</Filter>
    </ClInclude>
    <ClInclude Include="targetver.h">
      <Filter>Header Files</Filter>
    </ClInclude>
    <ClInclude Include="HostedDotNetRuntime.h">
      <Filter>Header Files</Filter>
    </ClInclude>
    <ClInclude Include="Log.h">
      <Filter>Header Files</Filter>
    </ClInclude>
    <ClInclude Include="distorm.h">
      <Filter>Header Files\NCodeHook</Filter>
    </ClInclude>
    <ClInclude Include="NCodeHook.h">
      <Filter>Header Files\NCodeHook</Filter>
    </ClInclude>
    <ClInclude Include="NCodeHookInstantiation.h">
      <Filter>Header Files\NCodeHook</Filter>
    </ClInclude>
    <ClInclude Include="NCodeHookItem.h">
      <Filter>Header Files\NCodeHook</Filter>
    </ClInclude>
  </ItemGroup>
  <ItemGroup>
    <None Include="inject.def">
      <Filter>Source Files</Filter>
    </None>
  </ItemGroup>
</Project>